
Microsoft Visual Studio Solution File, Format Version 12.00
# Visual Studio 2013
VisualStudioVersion = 12.0.21005.1
MinimumVisualStudioVersion = 10.0.40219.1
Project("{FAE04EC0-301F-11D3-BF4B-00C04F79EFBC}") = "Frank", "Frank\Frank.csproj", "{A84DC027-DC82-4FF9-A396-93C2D5626691}"
EndProject
Project("{FAE04EC0-301F-11D3-BF4B-00C04F79EFBC}") = "Frank.Tests", "Frank.Tests\Frank.Tests.csproj", "{EA2C5237-5CAE-4B01-BBD8-683D3684D4E0}"
EndProject
Global
	GlobalSection(SolutionConfigurationPlatforms) = preSolution
		Debug|Any CPU = Debug|Any CPU
		Release|Any CPU = Release|Any CPU
	EndGlobalSection
	GlobalSection(ProjectConfigurationPlatforms) = postSolution
		{A84DC027-DC82-4FF9-A396-93C2D5626691}.Debug|Any CPU.ActiveCfg = Debug|Any CPU
		{A84DC027-DC82-4FF9-A396-93C2D5626691}.Debug|Any CPU.Build.0 = Debug|Any CPU
		{A84DC027-DC82-4FF9-A396-93C2D5626691}.Release|Any CPU.ActiveCfg = Release|Any CPU
		{A84DC027-DC82-4FF9-A396-93C2D5626691}.Release|Any CPU.Build.0 = Release|Any CPU
		{EA2C5237-5CAE-4B01-BBD8-683D3684D4E0}.Debug|Any CPU.ActiveCfg = Debug|Any CPU
		{EA2C5237-5CAE-4B01-BBD8-683D3684D4E0}.Debug|Any CPU.Build.0 = Debug|Any CPU
		{EA2C5237-5CAE-4B01-BBD8-683D3684D4E0}.Release|Any CPU.ActiveCfg = Release|Any CPU
		{EA2C5237-5CAE-4B01-BBD8-683D3684D4E0}.Release|Any CPU.Build.0 = Release|Any CPU
	EndGlobalSection
	GlobalSection(SolutionProperties) = preSolution
		HideSolutionNode = FALSE
	EndGlobalSection
EndGlobal
